// !$*UTF8*$!
{
	archiveVersion = 1;
	classes = {
	};
	objectVersion = 50;
	objects = {

/* Begin PBXBuildFile section */
		9408C6AB24A593BF006C4B08 /* PrintClass.m in Sources */ = {isa = PBXBuildFile; fileRef = 9408C6AA24A593BF006C4B08 /* PrintClass.m */; };
		9408C6AD24A59651006C4B08 /* SwiftPrint.swift in Sources */ = {isa = PBXBuildFile; fileRef = 9408C6AC24A59651006C4B08 /* SwiftPrint.swift */; };
		947DCD0E24A5917800A41A67 /* AppDelegate.swift in Sources */ = {isa = PBXBuildFile; fileRef = 947DCD0D24A5917800A41A67 /* AppDelegate.swift */; };
		947DCD1024A5917800A41A67 /* SceneDelegate.swift in Sources */ = {isa = PBXBuildFile; fileRef = 947DCD0F24A5917800A41A67 /* SceneDelegate.swift */; };
		947DCD1324A5917800A41A67 /* testdelegate.xcdatamodeld in Sources */ = {isa = PBXBuildFile; fileRef = 947DCD1124A5917800A41A67 /* testdelegate.xcdatamodeld */; };
		947DCD1524A5917800A41A67 /* ContentView.swift in Sources */ = {isa = PBXBuildFile; fileRef = 947DCD1424A5917800A41A67 /* ContentView.swift */; };
		947DCD1724A5917A00A41A67 /* Assets.xcassets in Resources */ = {isa = PBXBuildFile; fileRef = 947DCD1624A5917A00A41A67 /* Assets.xcassets */; };
		947DCD1A24A5917A00A41A67 /* Preview Assets.xcassets in Resources */ = {isa = PBXBuildFile; fileRef = 947DCD1924A5917A00A41A67 /* Preview Assets.xcassets */; };
		947DCD1D24A5917A00A41A67 /* LaunchScreen.storyboard in Resources */ = {isa = PBXBuildFile; fileRef = 947DCD1B24A5917A00A41A67 /* LaunchScreen.storyboard */; };
		947DCD2924A592AE00A41A67 /* Foundation.framework in Frameworks */ = {isa = PBXBuildFile; fileRef = 947DCD2824A592AE00A41A67 /* Foundation.framework */; };
		947DCD2A24A592D900A41A67 /* PrintClass.h in Sources */ = {isa = PBXBuildFile; fileRef = 947DCD2624A591C100A41A67 /* PrintClass.h */; };
/* End PBXBuildFile section */

/* Begin PBXFileReference section */
		9408C6AA24A593BF006C4B08 /* PrintClass.m */ = {isa = PBXFileReference; lastKnownFileType = sourcecode.c.objc; path = PrintClass.m; sourceTree = "<group>"; };
		9408C6AC24A59651006C4B08 /* SwiftPrint.swift */ = {isa = PBXFileReference; lastKnownFileType = sourcecode.swift; path = SwiftPrint.swift; sourceTree = "<group>"; };
		947DCD0A24A5917800A41A67 /* testdelegate.app */ = {isa = PBXFileReference; explicitFileType = wrapper.application; includeInIndex = 0; path = testdelegate.app; sourceTree = BUILT_PRODUCTS_DIR; };
		947DCD0D24A5917800A41A67 /* AppDelegate.swift */ = {isa = PBXFileReference; lastKnownFileType = sourcecode.swift; path = AppDelegate.swift; sourceTree = "<group>"; };
		947DCD0F24A5917800A41A67 /* SceneDelegate.swift */ = {isa = PBXFileReference; lastKnownFileType = sourcecode.swift; path = SceneDelegate.swift; sourceTree = "<group>"; };
		947DCD1224A5917800A41A67 /* testdelegate.xcdatamodel */ = {isa = PBXFileReference; lastKnownFileType = wrapper.xcdatamodel; path = testdelegate.xcdatamodel; sourceTree = "<group>"; };
		947DCD1424A5917800A41A67 /* ContentView.swift */ = {isa = PBXFileReference; lastKnownFileType = sourcecode.swift; path = ContentView.swift; sourceTree = "<group>"; };
		947DCD1624A5917A00A41A67 /* Assets.xcassets */ = {isa = PBXFileReference; lastKnownFileType = folder.assetcatalog; path = Assets.xcassets; sourceTree = "<group>"; };
		947DCD1924A5917A00A41A67 /* Preview Assets.xcassets */ = {isa = PBXFileReference; lastKnownFileType = folder.assetcatalog; path = "Preview Assets.xcassets"; sourceTree = "<group>"; };
		947DCD1C24A5917A00A41A67 /* Base */ = {isa = PBXFileReference; lastKnownFileType = file.storyboard; name = Base; path = Base.lproj/LaunchScreen.storyboard; sourceTree = "<group>"; };
		947DCD1E24A5917A00A41A67 /* Info.plist */ = {isa = PBXFileReference; lastKnownFileType = text.plist.xml; path = Info.plist; sourceTree = "<group>"; };
		947DCD2524A591C000A41A67 /* testdelegate-Bridging-Header.h */ = {isa = PBXFileReference; lastKnownFileType = sourcecode.c.h; path = "testdelegate-Bridging-Header.h"; sourceTree = "<group>"; };
		947DCD2624A591C100A41A67 /* PrintClass.h */ = {isa = PBXFileReference; lastKnownFileType = sourcecode.c.h; path = PrintClass.h; sourceTree = "<group>"; };
		947DCD2824A592AE00A41A67 /* Foundation.framework */ = {isa = PBXFileReference; lastKnownFileType = wrapper.framework; name = Foundation.framework; path = System/Library/Frameworks/Foundation.framework; sourceTree = SDKROOT; };
/* End PBXFileReference section */

/* Begin PBXFrameworksBuildPhase section */
		947DCD0724A5917800A41A67 /* Frameworks */ = {
			isa = PBXFrameworksBuildPhase;
			buildActionMask = 2147483647;
			files = (
				947DCD2924A592AE00A41A67 /* Foundation.framework in Frameworks */,
			);
			runOnlyForDeploymentPostprocessing = 0;
		};
/* End PBXFrameworksBuildPhase section */

/* Begin PBXGroup section */
		947DCD0124A5917800A41A67 = {
			isa = PBXGroup;
			children = (
				9408C6AA24A593BF006C4B08 /* PrintClass.m */,
				947DCD2624A591C100A41A67 /* PrintClass.h */,
				947DCD0C24A5917800A41A67 /* testdelegate */,
				947DCD0B24A5917800A41A67 /* Products */,
				947DCD2524A591C000A41A67 /* testdelegate-Bridging-Header.h */,
				947DCD2724A592AE00A41A67 /* Frameworks */,
			);
			sourceTree = "<group>";
		};
		947DCD0B24A5917800A41A67 /* Products */ = {
			isa = PBXGroup;
			children = (
				947DCD0A24A5917800A41A67 /* testdelegate.app */,
			);
			name = Products;
			sourceTree = "<group>";
		};
		947DCD0C24A5917800A41A67 /* testdelegate */ = {
			isa = PBXGroup;
			children = (
				947DCD0D24A5917800A41A67 /* AppDelegate.swift */,
				947DCD0F24A5917800A41A67 /* SceneDelegate.swift */,
				947DCD1424A5917800A41A67 /* ContentView.swift */,
				947DCD1624A5917A00A41A67 /* Assets.xcassets */,
				947DCD1B24A5917A00A41A67 /* LaunchScreen.storyboard */,
				947DCD1E24A5917A00A41A67 /* Info.plist */,
				947DCD1124A5917800A41A67 /* testdelegate.xcdatamodeld */,
				947DCD1824A5917A00A41A67 /* Preview Content */,
				9408C6AC24A59651006C4B08 /* SwiftPrint.swift */,
			);
			path = testdelegate;
			sourceTree = "<group>";
		};
		947DCD1824A5917A00A41A67 /* Preview Content */ = {
			isa = PBXGroup;
			children = (
				947DCD1924A5917A00A41A67 /* Preview Assets.xcassets */,
			);
			path = "Preview Content";
			sourceTree = "<group>";
		};
		947DCD2724A592AE00A41A67 /* Frameworks */ = {
			isa = PBXGroup;
			children = (
				947DCD2824A592AE00A41A67 /* Foundation.framework */,
			);
			name = Frameworks;
			sourceTree = "<group>";
		};
/* End PBXGroup section */

/* Begin PBXNativeTarget section */
		947DCD0924A5917800A41A67 /* testdelegate */ = {
			isa = PBXNativeTarget;
			buildConfigurationList = 947DCD2124A5917A00A41A67 /* Build configuration list for PBXNativeTarget "testdelegate" */;
			buildPhases = (
				947DCD0624A5917800A41A67 /* Sources */,
				947DCD0724A5917800A41A67 /* Frameworks */,
				947DCD0824A5917800A41A67 /* Resources */,
			);
			buildRules = (
			);
			dependencies = (
			);
			name = testdelegate;
			productName = testdelegate;
			productReference = 947DCD0A24A5917800A41A67 /* testdelegate.app */;
			productType = "com.apple.product-type.application";
		};
/* End PBXNativeTarget section */

/* Begin PBXProject section */
		947DCD0224A5917800A41A67 /* Project object */ = {
			isa = PBXProject;
			attributes = {
				LastSwiftUpdateCheck = 1150;
				LastUpgradeCheck = 1150;
				ORGANIZATIONNAME = kangyu;
				TargetAttributes = {
					947DCD0924A5917800A41A67 = {
						CreatedOnToolsVersion = 11.5;
						LastSwiftMigration = 1150;
					};
				};
			};
			buildConfigurationList = 947DCD0524A5917800A41A67 /* Build configuration list for PBXProject "testdelegate" */;
			compatibilityVersion = "Xcode 9.3";
			developmentRegion = en;
			hasScannedForEncodings = 0;
			knownRegions = (
				en,
				Base,
			);
			mainGroup = 947DCD0124A5917800A41A67;
			productRefGroup = 947DCD0B24A5917800A41A67 /* Products */;
			projectDirPath = "";
			projectRoot = "";
			targets = (
				947DCD0924A5917800A41A67 /* testdelegate */,
			);
		};
/* End PBXProject section */

/* Begin PBXResourcesBuildPhase section */
		947DCD0824A5917800A41A67 /* Resources */ = {
			isa = PBXResourcesBuildPhase;
			buildActionMask = 2147483647;
			files = (
				947DCD1D24A5917A00A41A67 /* LaunchScreen.storyboard in Resources */,
				947DCD1A24A5917A00A41A67 /* Preview Assets.xcassets in Resources */,
				947DCD1724A5917A00A41A67 /* Assets.xcassets in Resources */,
			);
			runOnlyForDeploymentPostprocessing = 0;
		};
/* End PBXResourcesBuildPhase section */

/* Begin PBXSourcesBuildPhase section */
		947DCD0624A5917800A41A67 /* Sources */ = {
			isa = PBXSourcesBuildPhase;
			buildActionMask = 2147483647;
			files = (
				9408C6AB24A593BF006C4B08 /* PrintClass.m in Sources */,
				947DCD2A24A592D900A41A67 /* PrintClass.h in Sources */,
				947DCD0E24A5917800A41A67 /* AppDelegate.swift in Sources */,
				947DCD1324A5917800A41A67 /* testdelegate.xcdatamodeld in Sources */,
				947DCD1524A5917800A41A67 /* ContentView.swift in Sources */,
				947DCD1024A5917800A41A67 /* SceneDelegate.swift in Sources */,
				9408C6AD24A59651006C4B08 /* SwiftPrint.swift in Sources */,
			);
			runOnlyForDeploymentPostprocessing = 0;
		};
/* End PBXSourcesBuildPhase section */

/* Begin PBXVariantGroup section */
		947DCD1B24A5917A00A41A67 /* LaunchScreen.storyboard */ = {
			isa = PBXVariantGroup;
			children = (
				947DCD1C24A5917A00A41A67 /* Base */,
			);
			name = LaunchScreen.storyboard;
			sourceTree = "<group>";
		};
/* End PBXVariantGroup section */

/* Begin XCBuildConfiguration section */
		947DCD1F24A5917A00A41A67 /* Debug */ = {
			isa = XCBuildConfiguration;
			buildSettings = {
				ALWAYS_SEARCH_USER_PATHS = NO;
				CLANG_ANALYZER_NONNULL = YES;
				CLANG_ANALYZER_NUMBER_OBJECT_CONVERSION = YES_AGGRESSIVE;
				CLANG_CXX_LANGUAGE_STANDARD = "gnu++14";
				CLANG_CXX_LIBRARY = "libc++";
				CLANG_ENABLE_MODULES = YES;
				CLANG_ENABLE_OBJC_ARC = YES;
				CLANG_ENABLE_OBJC_WEAK = YES;
				CLANG_WARN_BLOCK_CAPTURE_AUTORELEASING = YES;
				CLANG_WARN_BOOL_CONVERSION = YES;
				CLANG_WARN_COMMA = YES;
				CLANG_WARN_CONSTANT_CONVERSION = YES;
				CLANG_WARN_DEPRECATED_OBJC_IMPLEMENTATIONS = YES;
				CLANG_WARN_DIRECT_OBJC_ISA_USAGE = YES_ERROR;
				CLANG_WARN_DOCUMENTATION_COMMENTS = YES;
				CLANG_WARN_EMPTY_BODY = YES;
				CLANG_WARN_ENUM_CONVERSION = YES;
				CLANG_WARN_INFINITE_RECURSION = YES;
				CLANG_WARN_INT_CONVERSION = YES;
				CLANG_WARN_NON_LITERAL_NULL_CONVERSION = YES;
				CLANG_WARN_OBJC_IMPLICIT_RETAIN_SELF = YES;
				CLANG_WARN_OBJC_LITERAL_CONVERSION = YES;
				CLANG_WARN_OBJC_ROOT_CLASS = YES_ERROR;
				CLANG_WARN_RANGE_LOOP_ANALYSIS = YES;
				CLANG_WARN_STRICT_PROTOTYPES = YES;
				CLANG_WARN_SUSPICIOUS_MOVE = YES;
				CLANG_WARN_UNGUARDED_AVAILABILITY = YES_AGGRESSIVE;
				CLANG_WARN_UNREACHABLE_CODE = YES;
				CLANG_WARN__DUPLICATE_METHOD_MATCH = YES;
				COPY_PHASE_STRIP = NO;
				DEBUG_INFORMATION_FORMAT = dwarf;
				ENABLE_STRICT_OBJC_MSGSEND = YES;
				ENABLE_TESTABILITY = YES;
				GCC_C_LANGUAGE_STANDARD = gnu11;
				GCC_DYNAMIC_NO_PIC = NO;
				GCC_NO_COMMON_BLOCKS = YES;
				GCC_OPTIMIZATION_LEVEL = 0;
				GCC_PREPROCESSOR_DEFINITIONS = (
					"DEBUG=1",
					"$(inherited)",
				);
				GCC_WARN_64_TO_32_BIT_CONVERSION = YES;
				GCC_WARN_ABOUT_RETURN_TYPE = YES_ERROR;
				GCC_WARN_UNDECLARED_SELECTOR = YES;
				GCC_WARN_UNINITIALIZED_AUTOS = YES_AGGRESSIVE;
				GCC_WARN_UNUSED_FUNCTION = YES;
				GCC_WARN_UNUSED_VARIABLE = YES;
				IPHONEOS_DEPLOYMENT_TARGET = 13.5;
				MTL_ENABLE_DEBUG_INFO = INCLUDE_SOURCE;
				MTL_FAST_MATH = YES;
				ONLY_ACTIVE_ARCH = YES;
				SDKROOT = iphoneos;
				SWIFT_ACTIVE_COMPILATION_CONDITIONS = DEBUG;
				SWIFT_OPTIMIZATION_LEVEL = "-Onone";
			};
			name = Debug;
		};
		947DCD2024A5917A00A41A67 /* Release */ = {
			isa = XCBuildConfiguration;
			buildSettings = {
				ALWAYS_SEARCH_USER_PATHS = NO;
				CLANG_ANALYZER_NONNULL = YES;
				CLANG_ANALYZER_NUMBER_OBJECT_CONVERSION = YES_AGGRESSIVE;
				CLANG_CXX_LANGUAGE_STANDARD = "gnu++14";
				CLANG_CXX_LIBRARY = "libc++";
				CLANG_ENABLE_MODULES = YES;
				CLANG_ENABLE_OBJC_ARC = YES;
				CLANG_ENABLE_OBJC_WEAK = YES;
				CLANG_WARN_BLOCK_CAPTURE_AUTORELEASING = YES;
				CLANG_WARN_BOOL_CONVERSION = YES;
				CLANG_WARN_COMMA = YES;
				CLANG_WARN_CONSTANT_CONVERSION = YES;
				CLANG_WARN_DEPRECATED_OBJC_IMPLEMENTATIONS = YES;
				CLANG_WARN_DIRECT_OBJC_ISA_USAGE = YES_ERROR;
				CLANG_WARN_DOCUMENTATION_COMMENTS = YES;
				CLANG_WARN_EMPTY_BODY = YES;
				CLANG_WARN_ENUM_CONVERSION = YES;
				CLANG_WARN_INFINITE_RECURSION = YES;
				CLANG_WARN_INT_CONVERSION = YES;
				CLANG_WARN_NON_LITERAL_NULL_CONVERSION = YES;
				CLANG_WARN_OBJC_IMPLICIT_RETAIN_SELF = YES;
				CLANG_WARN_OBJC_LITERAL_CONVERSION = YES;
				CLANG_WARN_OBJC_ROOT_CLASS = YES_ERROR;
				CLANG_WARN_RANGE_LOOP_ANALYSIS = YES;
				CLANG_WARN_STRICT_PROTOTYPES = YES;
				CLANG_WARN_SUSPICIOUS_MOVE = YES;
				CLANG_WARN_UNGUARDED_AVAILABILITY = YES_AGGRESSIVE;
				CLANG_WARN_UNREACHABLE_CODE = YES;
				CLANG_WARN__DUPLICATE_METHOD_MATCH = YES;
				COPY_PHASE_STRIP = NO;
				DEBUG_INFORMATION_FORMAT = "dwarf-with-dsym";
				ENABLE_NS_ASSERTIONS = NO;
				ENABLE_STRICT_OBJC_MSGSEND = YES;
				GCC_C_LANGUAGE_STANDARD = gnu11;
				GCC_NO_COMMON_BLOCKS = YES;
				GCC_WARN_64_TO_32_BIT_CONVERSION = YES;
				GCC_WARN_ABOUT_RETURN_TYPE = YES_ERROR;
				GCC_WARN_UNDECLARED_SELECTOR = YES;
				GCC_WARN_UNINITIALIZED_AUTOS = YES_AGGRESSIVE;
				GCC_WARN_UNUSED_FUNCTION = YES;
				GCC_WARN_UNUSED_VARIABLE = YES;
				IPHONEOS_DEPLOYMENT_TARGET = 13.5;
				MTL_ENABLE_DEBUG_INFO = NO;
				MTL_FAST_MATH = YES;
				SDKROOT = iphoneos;
				SWIFT_COMPILATION_MODE = wholemodule;
				SWIFT_OPTIMIZATION_LEVEL = "-O";
				VALIDATE_PRODUCT = YES;
			};
			name = Release;
		};
		947DCD2224A5917A00A41A67 /* Debug */ = {
			isa = XCBuildConfiguration;
			buildSettings = {
				ASSETCATALOG_COMPILER_APPICON_NAME = AppIcon;
				CLANG_ENABLE_MODULES = YES;
				CODE_SIGN_STYLE = Automatic;
				DEVELOPMENT_ASSET_PATHS = "\"testdelegate/Preview Content\"";
				DEVELOPMENT_TEAM = LVBK5SVNHG;
				ENABLE_PREVIEWS = YES;
				INFOPLIST_FILE = testdelegate/Info.plist;
				LD_RUNPATH_SEARCH_PATHS = (
					"$(inherited)",
					"@executable_path/Frameworks",
				);
				PRODUCT_BUNDLE_IDENTIFIER = com.imaginiha.testdelegate;
				PRODUCT_NAME = "$(TARGET_NAME)";
				SWIFT_OBJC_BRIDGING_HEADER = "testdelegate-Bridging-Header.h";
				SWIFT_OPTIMIZATION_LEVEL = "-Onone";
				SWIFT_VERSION = 5.0;
				TARGETED_DEVICE_FAMILY = "1,2";
			};
			name = Debug;
		};
		947DCD2324A5917A00A41A67 /* Release */ = {
			isa = XCBuildConfiguration;
			buildSettings = {
				ASSETCATALOG_COMPILER_APPICON_NAME = AppIcon;
				CLANG_ENABLE_MODULES = YES;
				CODE_SIGN_STYLE = Automatic;
				DEVELOPMENT_ASSET_PATHS = "\"testdelegate/Preview Content\"";
				DEVELOPMENT_TEAM = LVBK5SVNHG;
				ENABLE_PREVIEWS = YES;
				INFOPLIST_FILE = testdelegate/Info.plist;
				LD_RUNPATH_SEARCH_PATHS = (
					"$(inherited)",
					"@executable_path/Frameworks",
				);
				PRODUCT_BUNDLE_IDENTIFIER = com.imaginiha.testdelegate;
				PRODUCT_NAME = "$(TARGET_NAME)";
				SWIFT_OBJC_BRIDGING_HEADER = "testdelegate-Bridging-Header.h";
				SWIFT_VERSION = 5.0;
				TARGETED_DEVICE_FAMILY = "1,2";
			};
			name = Release;
		};
/* End XCBuildConfiguration section */

/* Begin XCConfigurationList section */
		947DCD0524A5917800A41A67 /* Build configuration list for PBXProject "testdelegate" */ = {
			isa = XCConfigurationList;
			buildConfigurations = (
				947DCD1F24A5917A00A41A67 /* Debug */,
				947DCD2024A5917A00A41A67 /* Release */,
			);
			defaultConfigurationIsVisible = 0;
			defaultConfigurationName = Release;
		};
		947DCD2124A5917A00A41A67 /* Build configuration list for PBXNativeTarget "testdelegate" */ = {
			isa = XCConfigurationList;
			buildConfigurations = (
				947DCD2224A5917A00A41A67 /* Debug */,
				947DCD2324A5917A00A41A67 /* Release */,
			);
			defaultConfigurationIsVisible = 0;
			defaultConfigurationName = Release;
		};
/* End XCConfigurationList section */

/* Begin XCVersionGroup section */
		947DCD1124A5917800A41A67 /* testdelegate.xcdatamodeld */ = {
			isa = XCVersionGroup;
			children = (
				947DCD1224A5917800A41A67 /* testdelegate.xcdatamodel */,
			);
			currentVersion = 947DCD1224A5917800A41A67 /* testdelegate.xcdatamodel */;
			path = testdelegate.xcdatamodeld;
			sourceTree = "<group>";
			versionGroupType = wrapper.xcdatamodel;
		};
/* End XCVersionGroup section */
	};
	rootObject = 947DCD0224A5917800A41A67 /* Project object */;
}
